
Microsoft Visual Studio Solution File, Format Version 12.00
# Visual Studio 15
VisualStudioVersion = 15.0.26124.0
MinimumVisualStudioVersion = 15.0.26124.0
Project("{FAE04EC0-301F-11D3-BF4B-00C04F79EFBC}") = "Destroyed.Pony.Api", "Destroyed.Pony.Api\Destroyed.Pony.Api.csproj", "{B8312CD0-D262-41A3-9AB7-06CE379AF40B}"
EndProject
Project("{FAE04EC0-301F-11D3-BF4B-00C04F79EFBC}") = "Destroyed.Pony.Domain", "Destroyed.Pony.Domain\Destroyed.Pony.Domain.csproj", "{96A5295F-7E1A-4FAB-8DCE-806B25C564CF}"
EndProject
Project("{FAE04EC0-301F-11D3-BF4B-00C04F79EFBC}") = "Destroyed.Pony.Data", "Destroyed.Pony.Data\Destroyed.Pony.Data.csproj", "{ECEDE8BC-3775-48DD-B773-C07A4D7E1D67}"
EndProject
Project("{FAE04EC0-301F-11D3-BF4B-00C04F79EFBC}") = "Destroyed.Pony.Domain.Tests", "Destroyed.Pony.Domain.Tests\Destroyed.Pony.Domain.Tests.csproj", "{AEF16ED2-617C-4A9F-9A0D-7B7A96009B8E}"
EndProject
Global
	GlobalSection(SolutionConfigurationPlatforms) = preSolution
		Debug|Any CPU = Debug|Any CPU
		Debug|x64 = Debug|x64
		Debug|x86 = Debug|x86
		Release|Any CPU = Release|Any CPU
		Release|x64 = Release|x64
		Release|x86 = Release|x86
	EndGlobalSection
	GlobalSection(SolutionProperties) = preSolution
		HideSolutionNode = FALSE
	EndGlobalSection
	GlobalSection(ProjectConfigurationPlatforms) = postSolution
		{B8312CD0-D262-41A3-9AB7-06CE379AF40B}.Debug|Any CPU.ActiveCfg = Debug|Any CPU
		{B8312CD0-D262-41A3-9AB7-06CE379AF40B}.Debug|Any CPU.Build.0 = Debug|Any CPU
		{B8312CD0-D262-41A3-9AB7-06CE379AF40B}.Debug|x64.ActiveCfg = Debug|Any CPU
		{B8312CD0-D262-41A3-9AB7-06CE379AF40B}.Debug|x64.Build.0 = Debug|Any CPU
		{B8312CD0-D262-41A3-9AB7-06CE379AF40B}.Debug|x86.ActiveCfg = Debug|Any CPU
		{B8312CD0-D262-41A3-9AB7-06CE379AF40B}.Debug|x86.Build.0 = Debug|Any CPU
		{B8312CD0-D262-41A3-9AB7-06CE379AF40B}.Release|Any CPU.ActiveCfg = Release|Any CPU
		{B8312CD0-D262-41A3-9AB7-06CE379AF40B}.Release|Any CPU.Build.0 = Release|Any CPU
		{B8312CD0-D262-41A3-9AB7-06CE379AF40B}.Release|x64.ActiveCfg = Release|Any CPU
		{B8312CD0-D262-41A3-9AB7-06CE379AF40B}.Release|x64.Build.0 = Release|Any CPU
		{B8312CD0-D262-41A3-9AB7-06CE379AF40B}.Release|x86.ActiveCfg = Release|Any CPU
		{B8312CD0-D262-41A3-9AB7-06CE379AF40B}.Release|x86.Build.0 = Release|Any CPU
		{96A5295F-7E1A-4FAB-8DCE-806B25C564CF}.Debug|Any CPU.ActiveCfg = Debug|Any CPU
		{96A5295F-7E1A-4FAB-8DCE-806B25C564CF}.Debug|Any CPU.Build.0 = Debug|Any CPU
		{96A5295F-7E1A-4FAB-8DCE-806B25C564CF}.Debug|x64.ActiveCfg = Debug|Any CPU
		{96A5295F-7E1A-4FAB-8DCE-806B25C564CF}.Debug|x64.Build.0 = Debug|Any CPU
		{96A5295F-7E1A-4FAB-8DCE-806B25C564CF}.Debug|x86.ActiveCfg = Debug|Any CPU
		{96A5295F-7E1A-4FAB-8DCE-806B25C564CF}.Debug|x86.Build.0 = Debug|Any CPU
		{96A5295F-7E1A-4FAB-8DCE-806B25C564CF}.Release|Any CPU.ActiveCfg = Release|Any CPU
		{96A5295F-7E1A-4FAB-8DCE-806B25C564CF}.Release|Any CPU.Build.0 = Release|Any CPU
		{96A5295F-7E1A-4FAB-8DCE-806B25C564CF}.Release|x64.ActiveCfg = Release|Any CPU
		{96A5295F-7E1A-4FAB-8DCE-806B25C564CF}.Release|x64.Build.0 = Release|Any CPU
		{96A5295F-7E1A-4FAB-8DCE-806B25C564CF}.Release|x86.ActiveCfg = Release|Any CPU
		{96A5295F-7E1A-4FAB-8DCE-806B25C564CF}.Release|x86.Build.0 = Release|Any CPU
		{ECEDE8BC-3775-48DD-B773-C07A4D7E1D67}.Debug|Any CPU.ActiveCfg = Debug|Any CPU
		{ECEDE8BC-3775-48DD-B773-C07A4D7E1D67}.Debug|Any CPU.Build.0 = Debug|Any CPU
		{ECEDE8BC-3775-48DD-B773-C07A4D7E1D67}.Debug|x64.ActiveCfg = Debug|Any CPU
		{ECEDE8BC-3775-48DD-B773-C07A4D7E1D67}.Debug|x64.Build.0 = Debug|Any CPU
		{ECEDE8BC-3775-48DD-B773-C07A4D7E1D67}.Debug|x86.ActiveCfg = Debug|Any CPU
		{ECEDE8BC-3775-48DD-B773-C07A4D7E1D67}.Debug|x86.Build.0 = Debug|Any CPU
		{ECEDE8BC-3775-48DD-B773-C07A4D7E1D67}.Release|Any CPU.ActiveCfg = Release|Any CPU
		{ECEDE8BC-3775-48DD-B773-C07A4D7E1D67}.Release|Any CPU.Build.0 = Release|Any CPU
		{ECEDE8BC-3775-48DD-B773-C07A4D7E1D67}.Release|x64.ActiveCfg = Release|Any CPU
		{ECEDE8BC-3775-48DD-B773-C07A4D7E1D67}.Release|x64.Build.0 = Release|Any CPU
		{ECEDE8BC-3775-48DD-B773-C07A4D7E1D67}.Release|x86.ActiveCfg = Release|Any CPU
		{ECEDE8BC-3775-48DD-B773-C07A4D7E1D67}.Release|x86.Build.0 = Release|Any CPU
		{AEF16ED2-617C-4A9F-9A0D-7B7A96009B8E}.Debug|Any CPU.ActiveCfg = Debug|Any CPU
		{AEF16ED2-617C-4A9F-9A0D-7B7A96009B8E}.Debug|Any CPU.Build.0 = Debug|Any CPU
		{AEF16ED2-617C-4A9F-9A0D-7B7A96009B8E}.Debug|x64.ActiveCfg = Debug|Any CPU
		{AEF16ED2-617C-4A9F-9A0D-7B7A96009B8E}.Debug|x64.Build.0 = Debug|Any CPU
		{AEF16ED2-617C-4A9F-9A0D-7B7A96009B8E}.Debug|x86.ActiveCfg = Debug|Any CPU
		{AEF16ED2-617C-4A9F-9A0D-7B7A96009B8E}.Debug|x86.Build.0 = Debug|Any CPU
		{AEF16ED2-617C-4A9F-9A0D-7B7A96009B8E}.Release|Any CPU.ActiveCfg = Release|Any CPU
		{AEF16ED2-617C-4A9F-9A0D-7B7A96009B8E}.Release|Any CPU.Build.0 = Release|Any CPU
		{AEF16ED2-617C-4A9F-9A0D-7B7A96009B8E}.Release|x64.ActiveCfg = Release|Any CPU
		{AEF16ED2-617C-4A9F-9A0D-7B7A96009B8E}.Release|x64.Build.0 = Release|Any CPU
		{AEF16ED2-617C-4A9F-9A0D-7B7A96009B8E}.Release|x86.ActiveCfg = Release|Any CPU
		{AEF16ED2-617C-4A9F-9A0D-7B7A96009B8E}.Release|x86.Build.0 = Release|Any CPU
	EndGlobalSection
EndGlobal
